
Microsoft Visual Studio Solution File, Format Version 12.00
# Visual Studio Version 17
VisualStudioVersion = 17.7.34024.191
MinimumVisualStudioVersion = 10.0.40219.1
Project("{9A19103F-16F7-4668-BE54-9A1E7A4F7556}") = "02", "..\02\02.csproj", "{910DAFE3-6804-4374-BAF5-54D40F32BC9E}"
EndProject
Project("{9A19103F-16F7-4668-BE54-9A1E7A4F7556}") = "01", "..\01\01.csproj", "{A3F57D2C-88B9-4768-A01D-C361F9484AE2}"
EndProject
Project("{FAE04EC0-301F-11D3-BF4B-00C04F79EFBC}") = "3", "3\3.csproj", "{2E28FE14-7E47-4F1C-A568-ABAD7112F116}"
EndProject
Global
	GlobalSection(SolutionConfigurationPlatforms) = preSolution
		Debug|Any CPU = Debug|Any CPU
		Release|Any CPU = Release|Any CPU
	EndGlobalSection
	GlobalSection(ProjectConfigurationPlatforms) = postSolution
		{910DAFE3-6804-4374-BAF5-54D40F32BC9E}.Debug|Any CPU.ActiveCfg = Debug|Any CPU
		{910DAFE3-6804-4374-BAF5-54D40F32BC9E}.Debug|Any CPU.Build.0 = Debug|Any CPU
		{910DAFE3-6804-4374-BAF5-54D40F32BC9E}.Release|Any CPU.ActiveCfg = Release|Any CPU
		{910DAFE3-6804-4374-BAF5-54D40F32BC9E}.Release|Any CPU.Build.0 = Release|Any CPU
		{A3F57D2C-88B9-4768-A01D-C361F9484AE2}.Debug|Any CPU.ActiveCfg = Debug|Any CPU
		{A3F57D2C-88B9-4768-A01D-C361F9484AE2}.Debug|Any CPU.Build.0 = Debug|Any CPU
		{A3F57D2C-88B9-4768-A01D-C361F9484AE2}.Release|Any CPU.ActiveCfg = Release|Any CPU
		{A3F57D2C-88B9-4768-A01D-C361F9484AE2}.Release|Any CPU.Build.0 = Release|Any CPU
		{2E28FE14-7E47-4F1C-A568-ABAD7112F116}.Debug|Any CPU.ActiveCfg = Debug|Any CPU
		{2E28FE14-7E47-4F1C-A568-ABAD7112F116}.Debug|Any CPU.Build.0 = Debug|Any CPU
		{2E28FE14-7E47-4F1C-A568-ABAD7112F116}.Release|Any CPU.ActiveCfg = Release|Any CPU
		{2E28FE14-7E47-4F1C-A568-ABAD7112F116}.Release|Any CPU.Build.0 = Release|Any CPU
	EndGlobalSection
	GlobalSection(SolutionProperties) = preSolution
		HideSolutionNode = FALSE
	EndGlobalSection
	GlobalSection(ExtensibilityGlobals) = postSolution
		SolutionGuid = {B42FBA0A-E7A2-4428-A8D6-0FC43D1B7228}
	EndGlobalSection
EndGlobal
